// !$*UTF8*$!
{
	archiveVersion = 1;
	classes = {
	};
	objectVersion = 50;
	objects = {

/* Begin PBXBuildFile section */
		192F8BE122C9D32200D19F0A /* A.storyboard in Resources */ = {isa = PBXBuildFile; fileRef = 192F8BE022C9D32200D19F0A /* A.storyboard */; };
		19F40BA922DC44AB0022AE30 /* File.swift in Sources */ = {isa = PBXBuildFile; fileRef = 19F40BA822DC44AB0022AE30 /* File.swift */; };
		19F40BAB22DC47C80022AE30 /* corelocation.swift in Sources */ = {isa = PBXBuildFile; fileRef = 19F40BAA22DC47C80022AE30 /* corelocation.swift */; };
		409AF9B822C3C258009942E7 /* AppDelegate.swift in Sources */ = {isa = PBXBuildFile; fileRef = 409AF9B722C3C258009942E7 /* AppDelegate.swift */; };
		409AF9BA22C3C258009942E7 /* ViewController.swift in Sources */ = {isa = PBXBuildFile; fileRef = 409AF9B922C3C258009942E7 /* ViewController.swift */; };
		409AF9BD22C3C258009942E7 /* Main.storyboard in Resources */ = {isa = PBXBuildFile; fileRef = 409AF9BB22C3C258009942E7 /* Main.storyboard */; };
		409AF9BF22C3C25A009942E7 /* Assets.xcassets in Resources */ = {isa = PBXBuildFile; fileRef = 409AF9BE22C3C25A009942E7 /* Assets.xcassets */; };
		409AF9C222C3C25A009942E7 /* LaunchScreen.storyboard in Resources */ = {isa = PBXBuildFile; fileRef = 409AF9C022C3C25A009942E7 /* LaunchScreen.storyboard */; };
		409AF9CD22C3C2EE009942E7 /* MockViewController.swift in Sources */ = {isa = PBXBuildFile; fileRef = 409AF9CC22C3C2EE009942E7 /* MockViewController.swift */; };
		409AF9D122C3C4BD009942E7 /* Mock.storyboard in Resources */ = {isa = PBXBuildFile; fileRef = 409AF9D022C3C4BD009942E7 /* Mock.storyboard */; };
		409AF9D822C3C960009942E7 /* AViewController.swift in Sources */ = {isa = PBXBuildFile; fileRef = 409AF9D722C3C960009942E7 /* AViewController.swift */; };
		409AF9DA22C3C9BF009942E7 /* B.storyboard in Resources */ = {isa = PBXBuildFile; fileRef = 409AF9D922C3C9BF009942E7 /* B.storyboard */; };
		409AF9DC22C3C9D7009942E7 /* BViewController.swift in Sources */ = {isa = PBXBuildFile; fileRef = 409AF9DB22C3C9D7009942E7 /* BViewController.swift */; };
		409AF9DE22C3C9F7009942E7 /* CViewController.swift in Sources */ = {isa = PBXBuildFile; fileRef = 409AF9DD22C3C9F7009942E7 /* CViewController.swift */; };
		409AF9E022C3CA07009942E7 /* C.storyboard in Resources */ = {isa = PBXBuildFile; fileRef = 409AF9DF22C3CA07009942E7 /* C.storyboard */; };
/* End PBXBuildFile section */

/* Begin PBXFileReference section */
		192F8BE022C9D32200D19F0A /* A.storyboard */ = {isa = PBXFileReference; lastKnownFileType = file.storyboard; path = A.storyboard; sourceTree = "<group>"; };
		19F40BA822DC44AB0022AE30 /* File.swift */ = {isa = PBXFileReference; lastKnownFileType = sourcecode.swift; path = File.swift; sourceTree = "<group>"; };
		19F40BAA22DC47C80022AE30 /* corelocation.swift */ = {isa = PBXFileReference; lastKnownFileType = sourcecode.swift; path = corelocation.swift; sourceTree = "<group>"; };
		409AF9B422C3C258009942E7 /* iOS-Practice-Team-Working.app */ = {isa = PBXFileReference; explicitFileType = wrapper.application; includeInIndex = 0; path = "iOS-Practice-Team-Working.app"; sourceTree = BUILT_PRODUCTS_DIR; };
		409AF9B722C3C258009942E7 /* AppDelegate.swift */ = {isa = PBXFileReference; lastKnownFileType = sourcecode.swift; path = AppDelegate.swift; sourceTree = "<group>"; };
		409AF9B922C3C258009942E7 /* ViewController.swift */ = {isa = PBXFileReference; lastKnownFileType = sourcecode.swift; path = ViewController.swift; sourceTree = "<group>"; };
		409AF9BC22C3C258009942E7 /* Base */ = {isa = PBXFileReference; lastKnownFileType = file.storyboard; name = Base; path = Base.lproj/Main.storyboard; sourceTree = "<group>"; };
		409AF9BE22C3C25A009942E7 /* Assets.xcassets */ = {isa = PBXFileReference; lastKnownFileType = folder.assetcatalog; path = Assets.xcassets; sourceTree = "<group>"; };
		409AF9C122C3C25A009942E7 /* Base */ = {isa = PBXFileReference; lastKnownFileType = file.storyboard; name = Base; path = Base.lproj/LaunchScreen.storyboard; sourceTree = "<group>"; };
		409AF9C322C3C25A009942E7 /* Info.plist */ = {isa = PBXFileReference; lastKnownFileType = text.plist.xml; path = Info.plist; sourceTree = "<group>"; };
		409AF9CC22C3C2EE009942E7 /* MockViewController.swift */ = {isa = PBXFileReference; lastKnownFileType = sourcecode.swift; path = MockViewController.swift; sourceTree = "<group>"; };
		409AF9D022C3C4BD009942E7 /* Mock.storyboard */ = {isa = PBXFileReference; lastKnownFileType = file.storyboard; path = Mock.storyboard; sourceTree = "<group>"; };
		409AF9D722C3C960009942E7 /* AViewController.swift */ = {isa = PBXFileReference; lastKnownFileType = sourcecode.swift; path = AViewController.swift; sourceTree = "<group>"; };
		409AF9D922C3C9BF009942E7 /* B.storyboard */ = {isa = PBXFileReference; lastKnownFileType = file.storyboard; path = B.storyboard; sourceTree = "<group>"; };
		409AF9DB22C3C9D7009942E7 /* BViewController.swift */ = {isa = PBXFileReference; lastKnownFileType = sourcecode.swift; path = BViewController.swift; sourceTree = "<group>"; };
		409AF9DD22C3C9F7009942E7 /* CViewController.swift */ = {isa = PBXFileReference; lastKnownFileType = sourcecode.swift; path = CViewController.swift; sourceTree = "<group>"; };
		409AF9DF22C3CA07009942E7 /* C.storyboard */ = {isa = PBXFileReference; lastKnownFileType = file.storyboard; path = C.storyboard; sourceTree = "<group>"; };
/* End PBXFileReference section */

/* Begin PBXFrameworksBuildPhase section */
		409AF9B122C3C258009942E7 /* Frameworks */ = {
			isa = PBXFrameworksBuildPhase;
			buildActionMask = 2147483647;
			files = (
			);
			runOnlyForDeploymentPostprocessing = 0;
		};
/* End PBXFrameworksBuildPhase section */

/* Begin PBXGroup section */
		19F40BA722DC44560022AE30 /* Models */ = {
			isa = PBXGroup;
			children = (
				19F40BA822DC44AB0022AE30 /* File.swift */,
				19F40BAA22DC47C80022AE30 /* corelocation.swift */,
			);
			path = Models;
			sourceTree = "<group>";
		};
		409AF9AB22C3C258009942E7 = {
			isa = PBXGroup;
			children = (
				409AF9B622C3C258009942E7 /* iOS-Practice-Team-Working */,
				409AF9B522C3C258009942E7 /* Products */,
			);
			sourceTree = "<group>";
		};
		409AF9B522C3C258009942E7 /* Products */ = {
			isa = PBXGroup;
			children = (
				409AF9B422C3C258009942E7 /* iOS-Practice-Team-Working.app */,
			);
			name = Products;
			sourceTree = "<group>";
		};
		409AF9B622C3C258009942E7 /* iOS-Practice-Team-Working */ = {
			isa = PBXGroup;
			children = (
				19F40BA722DC44560022AE30 /* Models */,
				409AF9D422C3C8D8009942E7 /* sceneC */,
				409AF9D322C3C8C4009942E7 /* sceneB */,
				409AF9D222C3C8A7009942E7 /* sceneA */,
				409AF9C922C3C283009942E7 /* Mock View */,
				409AF9B722C3C258009942E7 /* AppDelegate.swift */,
				409AF9B922C3C258009942E7 /* ViewController.swift */,
				409AF9BB22C3C258009942E7 /* Main.storyboard */,
				409AF9BE22C3C25A009942E7 /* Assets.xcassets */,
				409AF9C022C3C25A009942E7 /* LaunchScreen.storyboard */,
				409AF9C322C3C25A009942E7 /* Info.plist */,
			);
			path = "iOS-Practice-Team-Working";
			sourceTree = "<group>";
		};
		409AF9C922C3C283009942E7 /* Mock View */ = {
			isa = PBXGroup;
			children = (
				409AF9CC22C3C2EE009942E7 /* MockViewController.swift */,
				409AF9D022C3C4BD009942E7 /* Mock.storyboard */,
			);
			path = "Mock View";
			sourceTree = "<group>";
		};
		409AF9D222C3C8A7009942E7 /* sceneA */ = {
			isa = PBXGroup;
			children = (
				409AF9D722C3C960009942E7 /* AViewController.swift */,
				192F8BE022C9D32200D19F0A /* A.storyboard */,
			);
			path = sceneA;
			sourceTree = "<group>";
		};
		409AF9D322C3C8C4009942E7 /* sceneB */ = {
			isa = PBXGroup;
			children = (
				409AF9D922C3C9BF009942E7 /* B.storyboard */,
				409AF9DB22C3C9D7009942E7 /* BViewController.swift */,
			);
			path = sceneB;
			sourceTree = "<group>";
		};
		409AF9D422C3C8D8009942E7 /* sceneC */ = {
			isa = PBXGroup;
			children = (
				409AF9DD22C3C9F7009942E7 /* CViewController.swift */,
				409AF9DF22C3CA07009942E7 /* C.storyboard */,
			);
			path = sceneC;
			sourceTree = "<group>";
		};
/* End PBXGroup section */

/* Begin PBXNativeTarget section */
		409AF9B322C3C258009942E7 /* iOS-Practice-Team-Working */ = {
			isa = PBXNativeTarget;
			buildConfigurationList = 409AF9C622C3C25A009942E7 /* Build configuration list for PBXNativeTarget "iOS-Practice-Team-Working" */;
			buildPhases = (
				409AF9B022C3C258009942E7 /* Sources */,
				409AF9B122C3C258009942E7 /* Frameworks */,
				409AF9B222C3C258009942E7 /* Resources */,
			);
			buildRules = (
			);
			dependencies = (
			);
			name = "iOS-Practice-Team-Working";
			productName = "iOS-Practice-Team-Working";
			productReference = 409AF9B422C3C258009942E7 /* iOS-Practice-Team-Working.app */;
			productType = "com.apple.product-type.application";
		};
/* End PBXNativeTarget section */

/* Begin PBXProject section */
		409AF9AC22C3C258009942E7 /* Project object */ = {
			isa = PBXProject;
			attributes = {
				LastSwiftUpdateCheck = 1020;
				LastUpgradeCheck = 1020;
				ORGANIZATIONNAME = reud;
				TargetAttributes = {
					409AF9B322C3C258009942E7 = {
						CreatedOnToolsVersion = 10.2.1;
					};
				};
			};
			buildConfigurationList = 409AF9AF22C3C258009942E7 /* Build configuration list for PBXProject "iOS-Practice-Team-Working" */;
			compatibilityVersion = "Xcode 9.3";
			developmentRegion = en;
			hasScannedForEncodings = 0;
			knownRegions = (
				en,
				Base,
			);
			mainGroup = 409AF9AB22C3C258009942E7;
			productRefGroup = 409AF9B522C3C258009942E7 /* Products */;
			projectDirPath = "";
			projectRoot = "";
			targets = (
				409AF9B322C3C258009942E7 /* iOS-Practice-Team-Working */,
			);
		};
/* End PBXProject section */

/* Begin PBXResourcesBuildPhase section */
		409AF9B222C3C258009942E7 /* Resources */ = {
			isa = PBXResourcesBuildPhase;
			buildActionMask = 2147483647;
			files = (
				409AF9D122C3C4BD009942E7 /* Mock.storyboard in Resources */,
				409AF9DA22C3C9BF009942E7 /* B.storyboard in Resources */,
				409AF9C222C3C25A009942E7 /* LaunchScreen.storyboard in Resources */,
				409AF9BF22C3C25A009942E7 /* Assets.xcassets in Resources */,
				409AF9E022C3CA07009942E7 /* C.storyboard in Resources */,
				192F8BE122C9D32200D19F0A /* A.storyboard in Resources */,
				409AF9BD22C3C258009942E7 /* Main.storyboard in Resources */,
			);
			runOnlyForDeploymentPostprocessing = 0;
		};
/* End PBXResourcesBuildPhase section */

/* Begin PBXSourcesBuildPhase section */
		409AF9B022C3C258009942E7 /* Sources */ = {
			isa = PBXSourcesBuildPhase;
			buildActionMask = 2147483647;
			files = (
				409AF9D822C3C960009942E7 /* AViewController.swift in Sources */,
				409AF9CD22C3C2EE009942E7 /* MockViewController.swift in Sources */,
				19F40BA922DC44AB0022AE30 /* File.swift in Sources */,
				409AF9BA22C3C258009942E7 /* ViewController.swift in Sources */,
				409AF9DC22C3C9D7009942E7 /* BViewController.swift in Sources */,
				409AF9DE22C3C9F7009942E7 /* CViewController.swift in Sources */,
				409AF9B822C3C258009942E7 /* AppDelegate.swift in Sources */,
				19F40BAB22DC47C80022AE30 /* corelocation.swift in Sources */,
			);
			runOnlyForDeploymentPostprocessing = 0;
		};
/* End PBXSourcesBuildPhase section */

/* Begin PBXVariantGroup section */
		409AF9BB22C3C258009942E7 /* Main.storyboard */ = {
			isa = PBXVariantGroup;
			children = (
				409AF9BC22C3C258009942E7 /* Base */,
			);
			name = Main.storyboard;
			sourceTree = "<group>";
		};
		409AF9C022C3C25A009942E7 /* LaunchScreen.storyboard */ = {
			isa = PBXVariantGroup;
			children = (
				409AF9C122C3C25A009942E7 /* Base */,
			);
			name = LaunchScreen.storyboard;
			sourceTree = "<group>";
		};
/* End PBXVariantGroup section */

/* Begin XCBuildConfiguration section */
		409AF9C422C3C25A009942E7 /* Debug */ = {
			isa = XCBuildConfiguration;
			buildSettings = {
				ALWAYS_SEARCH_USER_PATHS = NO;
				CLANG_ANALYZER_NONNULL = YES;
				CLANG_ANALYZER_NUMBER_OBJECT_CONVERSION = YES_AGGRESSIVE;
				CLANG_CXX_LANGUAGE_STANDARD = "gnu++14";
				CLANG_CXX_LIBRARY = "libc++";
				CLANG_ENABLE_MODULES = YES;
				CLANG_ENABLE_OBJC_ARC = YES;
				CLANG_ENABLE_OBJC_WEAK = YES;
				CLANG_WARN_BLOCK_CAPTURE_AUTORELEASING = YES;
				CLANG_WARN_BOOL_CONVERSION = YES;
				CLANG_WARN_COMMA = YES;
				CLANG_WARN_CONSTANT_CONVERSION = YES;
				CLANG_WARN_DEPRECATED_OBJC_IMPLEMENTATIONS = YES;
				CLANG_WARN_DIRECT_OBJC_ISA_USAGE = YES_ERROR;
				CLANG_WARN_DOCUMENTATION_COMMENTS = YES;
				CLANG_WARN_EMPTY_BODY = YES;
				CLANG_WARN_ENUM_CONVERSION = YES;
				CLANG_WARN_INFINITE_RECURSION = YES;
				CLANG_WARN_INT_CONVERSION = YES;
				CLANG_WARN_NON_LITERAL_NULL_CONVERSION = YES;
				CLANG_WARN_OBJC_IMPLICIT_RETAIN_SELF = YES;
				CLANG_WARN_OBJC_LITERAL_CONVERSION = YES;
				CLANG_WARN_OBJC_ROOT_CLASS = YES_ERROR;
				CLANG_WARN_RANGE_LOOP_ANALYSIS = YES;
				CLANG_WARN_STRICT_PROTOTYPES = YES;
				CLANG_WARN_SUSPICIOUS_MOVE = YES;
				CLANG_WARN_UNGUARDED_AVAILABILITY = YES_AGGRESSIVE;
				CLANG_WARN_UNREACHABLE_CODE = YES;
				CLANG_WARN__DUPLICATE_METHOD_MATCH = YES;
				CODE_SIGN_IDENTITY = "iPhone Developer";
				COPY_PHASE_STRIP = NO;
				DEBUG_INFORMATION_FORMAT = dwarf;
				ENABLE_STRICT_OBJC_MSGSEND = YES;
				ENABLE_TESTABILITY = YES;
				GCC_C_LANGUAGE_STANDARD = gnu11;
				GCC_DYNAMIC_NO_PIC = NO;
				GCC_NO_COMMON_BLOCKS = YES;
				GCC_OPTIMIZATION_LEVEL = 0;
				GCC_PREPROCESSOR_DEFINITIONS = (
					"DEBUG=1",
					"$(inherited)",
				);
				GCC_WARN_64_TO_32_BIT_CONVERSION = YES;
				GCC_WARN_ABOUT_RETURN_TYPE = YES_ERROR;
				GCC_WARN_UNDECLARED_SELECTOR = YES;
				GCC_WARN_UNINITIALIZED_AUTOS = YES_AGGRESSIVE;
				GCC_WARN_UNUSED_FUNCTION = YES;
				GCC_WARN_UNUSED_VARIABLE = YES;
				IPHONEOS_DEPLOYMENT_TARGET = 12.2;
				MTL_ENABLE_DEBUG_INFO = INCLUDE_SOURCE;
				MTL_FAST_MATH = YES;
				ONLY_ACTIVE_ARCH = YES;
				SDKROOT = iphoneos;
				SWIFT_ACTIVE_COMPILATION_CONDITIONS = DEBUG;
				SWIFT_OPTIMIZATION_LEVEL = "-Onone";
			};
			name = Debug;
		};
		409AF9C522C3C25A009942E7 /* Release */ = {
			isa = XCBuildConfiguration;
			buildSettings = {
				ALWAYS_SEARCH_USER_PATHS = NO;
				CLANG_ANALYZER_NONNULL = YES;
				CLANG_ANALYZER_NUMBER_OBJECT_CONVERSION = YES_AGGRESSIVE;
				CLANG_CXX_LANGUAGE_STANDARD = "gnu++14";
				CLANG_CXX_LIBRARY = "libc++";
				CLANG_ENABLE_MODULES = YES;
				CLANG_ENABLE_OBJC_ARC = YES;
				CLANG_ENABLE_OBJC_WEAK = YES;
				CLANG_WARN_BLOCK_CAPTURE_AUTORELEASING = YES;
				CLANG_WARN_BOOL_CONVERSION = YES;
				CLANG_WARN_COMMA = YES;
				CLANG_WARN_CONSTANT_CONVERSION = YES;
				CLANG_WARN_DEPRECATED_OBJC_IMPLEMENTATIONS = YES;
				CLANG_WARN_DIRECT_OBJC_ISA_USAGE = YES_ERROR;
				CLANG_WARN_DOCUMENTATION_COMMENTS = YES;
				CLANG_WARN_EMPTY_BODY = YES;
				CLANG_WARN_ENUM_CONVERSION = YES;
				CLANG_WARN_INFINITE_RECURSION = YES;
				CLANG_WARN_INT_CONVERSION = YES;
				CLANG_WARN_NON_LITERAL_NULL_CONVERSION = YES;
				CLANG_WARN_OBJC_IMPLICIT_RETAIN_SELF = YES;
				CLANG_WARN_OBJC_LITERAL_CONVERSION = YES;
				CLANG_WARN_OBJC_ROOT_CLASS = YES_ERROR;
				CLANG_WARN_RANGE_LOOP_ANALYSIS = YES;
				CLANG_WARN_STRICT_PROTOTYPES = YES;
				CLANG_WARN_SUSPICIOUS_MOVE = YES;
				CLANG_WARN_UNGUARDED_AVAILABILITY = YES_AGGRESSIVE;
				CLANG_WARN_UNREACHABLE_CODE = YES;
				CLANG_WARN__DUPLICATE_METHOD_MATCH = YES;
				CODE_SIGN_IDENTITY = "iPhone Developer";
				COPY_PHASE_STRIP = NO;
				DEBUG_INFORMATION_FORMAT = "dwarf-with-dsym";
				ENABLE_NS_ASSERTIONS = NO;
				ENABLE_STRICT_OBJC_MSGSEND = YES;
				GCC_C_LANGUAGE_STANDARD = gnu11;
				GCC_NO_COMMON_BLOCKS = YES;
				GCC_WARN_64_TO_32_BIT_CONVERSION = YES;
				GCC_WARN_ABOUT_RETURN_TYPE = YES_ERROR;
				GCC_WARN_UNDECLARED_SELECTOR = YES;
				GCC_WARN_UNINITIALIZED_AUTOS = YES_AGGRESSIVE;
				GCC_WARN_UNUSED_FUNCTION = YES;
				GCC_WARN_UNUSED_VARIABLE = YES;
				IPHONEOS_DEPLOYMENT_TARGET = 12.2;
				MTL_ENABLE_DEBUG_INFO = NO;
				MTL_FAST_MATH = YES;
				SDKROOT = iphoneos;
				SWIFT_COMPILATION_MODE = wholemodule;
				SWIFT_OPTIMIZATION_LEVEL = "-O";
				VALIDATE_PRODUCT = YES;
			};
			name = Release;
		};
		409AF9C722C3C25A009942E7 /* Debug */ = {
			isa = XCBuildConfiguration;
			buildSettings = {
				ASSETCATALOG_COMPILER_APPICON_NAME = AppIcon;
				CODE_SIGN_STYLE = Automatic;
				DEVELOPMENT_TEAM = P4R96729G8;
				INFOPLIST_FILE = "iOS-Practice-Team-Working/Info.plist";
				LD_RUNPATH_SEARCH_PATHS = (
					"$(inherited)",
					"@executable_path/Frameworks",
				);
				PRODUCT_BUNDLE_IDENTIFIER = "net.reud.iOS-Practice-Team-Working";
				PRODUCT_NAME = "$(TARGET_NAME)";
				SWIFT_VERSION = 5.0;
				TARGETED_DEVICE_FAMILY = "1,2";
			};
			name = Debug;
		};
		409AF9C822C3C25A009942E7 /* Release */ = {
			isa = XCBuildConfiguration;
			buildSettings = {
				ASSETCATALOG_COMPILER_APPICON_NAME = AppIcon;
				CODE_SIGN_STYLE = Automatic;
				DEVELOPMENT_TEAM = P4R96729G8;
				INFOPLIST_FILE = "iOS-Practice-Team-Working/Info.plist";
				LD_RUNPATH_SEARCH_PATHS = (
					"$(inherited)",
					"@executable_path/Frameworks",
				);
				PRODUCT_BUNDLE_IDENTIFIER = "net.reud.iOS-Practice-Team-Working";
				PRODUCT_NAME = "$(TARGET_NAME)";
				SWIFT_VERSION = 5.0;
				TARGETED_DEVICE_FAMILY = "1,2";
			};
			name = Release;
		};
/* End XCBuildConfiguration section */

/* Begin XCConfigurationList section */
		409AF9AF22C3C258009942E7 /* Build configuration list for PBXProject "iOS-Practice-Team-Working" */ = {
			isa = XCConfigurationList;
			buildConfigurations = (
				409AF9C422C3C25A009942E7 /* Debug */,
				409AF9C522C3C25A009942E7 /* Release */,
			);
			defaultConfigurationIsVisible = 0;
			defaultConfigurationName = Release;
		};
		409AF9C622C3C25A009942E7 /* Build configuration list for PBXNativeTarget "iOS-Practice-Team-Working" */ = {
			isa = XCConfigurationList;
			buildConfigurations = (
				409AF9C722C3C25A009942E7 /* Debug */,
				409AF9C822C3C25A009942E7 /* Release */,
			);
			defaultConfigurationIsVisible = 0;
			defaultConfigurationName = Release;
		};
/* End XCConfigurationList section */
	};
	rootObject = 409AF9AC22C3C258009942E7 /* Project object */;
}
